// !$*UTF8*$!
{
	archiveVersion = 1;
	classes = {
	};
	objectVersion = 56;
	objects = {

/* Begin PBXBuildFile section */
		481463AD296A6BA500713721 /* TokenWebView.swift in Sources */ = {isa = PBXBuildFile; fileRef = 481463AC296A6BA500713721 /* TokenWebView.swift */; };
		481463AE296A6BA500713721 /* TokenWebView.swift in Sources */ = {isa = PBXBuildFile; fileRef = 481463AC296A6BA500713721 /* TokenWebView.swift */; };
		481463AF296A6BA500713721 /* TokenWebView.swift in Sources */ = {isa = PBXBuildFile; fileRef = 481463AC296A6BA500713721 /* TokenWebView.swift */; };
		481463BE296A715900713721 /* ContentView.swift in Sources */ = {isa = PBXBuildFile; fileRef = 481463BD296A715900713721 /* ContentView.swift */; };
		481463BF296A715900713721 /* ContentView.swift in Sources */ = {isa = PBXBuildFile; fileRef = 481463BD296A715900713721 /* ContentView.swift */; };
		481463C0296A715900713721 /* ContentView.swift in Sources */ = {isa = PBXBuildFile; fileRef = 481463BD296A715900713721 /* ContentView.swift */; };
		481463D1296A7C0900713721 /* MacTextApp.swift in Sources */ = {isa = PBXBuildFile; fileRef = 481463D0296A7C0900713721 /* MacTextApp.swift */; };
		481463D5296A7C0A00713721 /* Assets.xcassets in Resources */ = {isa = PBXBuildFile; fileRef = 481463D4296A7C0A00713721 /* Assets.xcassets */; };
		481463D8296A7C0A00713721 /* Preview Assets.xcassets in Resources */ = {isa = PBXBuildFile; fileRef = 481463D7296A7C0A00713721 /* Preview Assets.xcassets */; };
		481463DD296A7C5D00713721 /* TokenWebView.swift in Sources */ = {isa = PBXBuildFile; fileRef = 481463AC296A6BA500713721 /* TokenWebView.swift */; };
		481463DE296A7C5D00713721 /* LoadFiles.swift in Sources */ = {isa = PBXBuildFile; fileRef = 48BC4AC1295FB9210099CF33 /* LoadFiles.swift */; };
		481463DF296A7C5D00713721 /* UserPreferences.swift in Sources */ = {isa = PBXBuildFile; fileRef = 48BC4ACE2960AF780099CF33 /* UserPreferences.swift */; };
		481463E0296A7C5D00713721 /* ParseFiles.swift in Sources */ = {isa = PBXBuildFile; fileRef = 48BC4AC42960A8AE0099CF33 /* ParseFiles.swift */; };
		481463E2296A7C5D00713721 /* Persistence.swift in Sources */ = {isa = PBXBuildFile; fileRef = 48B087FF295FB787006A661F /* Persistence.swift */; };
		481463E7296A7C5D00713721 /* ContentView.swift in Sources */ = {isa = PBXBuildFile; fileRef = 481463BD296A715900713721 /* ContentView.swift */; };
		481463EA296A7CD200713721 /* index.html in Resources */ = {isa = PBXBuildFile; fileRef = 481463E9296A7CD200713721 /* index.html */; };
		481463EB296A7CD200713721 /* index.html in Resources */ = {isa = PBXBuildFile; fileRef = 481463E9296A7CD200713721 /* index.html */; };
		481463EC296A7CD200713721 /* index.html in Resources */ = {isa = PBXBuildFile; fileRef = 481463E9296A7CD200713721 /* index.html */; };
		481463ED296A7CD200713721 /* index.html in Resources */ = {isa = PBXBuildFile; fileRef = 481463E9296A7CD200713721 /* index.html */; };
		4844EB512960D6CF002E3D0D /* UserPreferences.swift in Sources */ = {isa = PBXBuildFile; fileRef = 48BC4ACE2960AF780099CF33 /* UserPreferences.swift */; };
		485361F82971C1C4005CB290 /* RegexWebHolder.swift in Sources */ = {isa = PBXBuildFile; fileRef = 485361F72971C1C4005CB290 /* RegexWebHolder.swift */; };
		485361F92971C3CB005CB290 /* RegexWebHolder.swift in Sources */ = {isa = PBXBuildFile; fileRef = 485361F72971C1C4005CB290 /* RegexWebHolder.swift */; };
		485361FB2971CC95005CB290 /* ColorTranslator.swift in Sources */ = {isa = PBXBuildFile; fileRef = 485361FA2971CC95005CB290 /* ColorTranslator.swift */; };
		485361FC2971CD93005CB290 /* ColorTranslator.swift in Sources */ = {isa = PBXBuildFile; fileRef = 485361FA2971CC95005CB290 /* ColorTranslator.swift */; };
		4856238E296BC8F000544280 /* ContentSplitView.swift in Sources */ = {isa = PBXBuildFile; fileRef = 4856238D296BC8F000544280 /* ContentSplitView.swift */; };
		48562390296BC90100544280 /* ContentSplitBar.swift in Sources */ = {isa = PBXBuildFile; fileRef = 4856238F296BC90100544280 /* ContentSplitBar.swift */; };
		48562392296BCA0D00544280 /* AnnotationSideBarView.swift in Sources */ = {isa = PBXBuildFile; fileRef = 48562391296BCA0D00544280 /* AnnotationSideBarView.swift */; };
		48562393296BCB3E00544280 /* ContentSplitView.swift in Sources */ = {isa = PBXBuildFile; fileRef = 4856238D296BC8F000544280 /* ContentSplitView.swift */; };
		48562394296BCB3E00544280 /* AnnotationSideBarView.swift in Sources */ = {isa = PBXBuildFile; fileRef = 48562391296BCA0D00544280 /* AnnotationSideBarView.swift */; };
		48562395296BCB3E00544280 /* ContentSplitBar.swift in Sources */ = {isa = PBXBuildFile; fileRef = 4856238F296BC90100544280 /* ContentSplitBar.swift */; };
		48562397296BD2FD00544280 /* TokenRepresentableView.swift in Sources */ = {isa = PBXBuildFile; fileRef = 48562396296BD2FD00544280 /* TokenRepresentableView.swift */; };
		48562398296BD32A00544280 /* TokenRepresentableView.swift in Sources */ = {isa = PBXBuildFile; fileRef = 48562396296BD2FD00544280 /* TokenRepresentableView.swift */; };
		4856239E296CF19F00544280 /* TextToken.swift in Sources */ = {isa = PBXBuildFile; fileRef = 4856239D296CF19F00544280 /* TextToken.swift */; };
		4856239F296CF60200544280 /* TextToken.swift in Sources */ = {isa = PBXBuildFile; fileRef = 4856239D296CF19F00544280 /* TextToken.swift */; };
		485623A1296CFCEB00544280 /* TextTokenContainer.swift in Sources */ = {isa = PBXBuildFile; fileRef = 485623A0296CFCEB00544280 /* TextTokenContainer.swift */; };
		485623A2296CFDF600544280 /* TextTokenContainer.swift in Sources */ = {isa = PBXBuildFile; fileRef = 485623A0296CFCEB00544280 /* TextTokenContainer.swift */; };
		48793ED72975051B0085C70C /* NSRegularExpressionExtension.swift in Sources */ = {isa = PBXBuildFile; fileRef = 48793ED62975051B0085C70C /* NSRegularExpressionExtension.swift */; };
		48793ED82975065A0085C70C /* NSRegularExpressionExtension.swift in Sources */ = {isa = PBXBuildFile; fileRef = 48793ED62975051B0085C70C /* NSRegularExpressionExtension.swift */; };
		48793ED92975110D0085C70C /* TextToken.swift in Sources */ = {isa = PBXBuildFile; fileRef = 4856239D296CF19F00544280 /* TextToken.swift */; };
		48793EDA297511A40085C70C /* RegexWebHolder.swift in Sources */ = {isa = PBXBuildFile; fileRef = 485361F72971C1C4005CB290 /* RegexWebHolder.swift */; };
		48793EDB297514710085C70C /* TextTokenContainer.swift in Sources */ = {isa = PBXBuildFile; fileRef = 485623A0296CFCEB00544280 /* TextTokenContainer.swift */; };
		4882A522296A9D39005D672E /* LazyGlobalVars.swift in Sources */ = {isa = PBXBuildFile; fileRef = 4882A521296A9D39005D672E /* LazyGlobalVars.swift */; };
		4882A523296A9D39005D672E /* LazyGlobalVars.swift in Sources */ = {isa = PBXBuildFile; fileRef = 4882A521296A9D39005D672E /* LazyGlobalVars.swift */; };
		4882A524296A9D39005D672E /* LazyGlobalVars.swift in Sources */ = {isa = PBXBuildFile; fileRef = 4882A521296A9D39005D672E /* LazyGlobalVars.swift */; };
		4882A525296A9D39005D672E /* LazyGlobalVars.swift in Sources */ = {isa = PBXBuildFile; fileRef = 4882A521296A9D39005D672E /* LazyGlobalVars.swift */; };
		4882A526296A9D39005D672E /* LazyGlobalVars.swift in Sources */ = {isa = PBXBuildFile; fileRef = 4882A521296A9D39005D672E /* LazyGlobalVars.swift */; };
		4882A528296AAEAE005D672E /* JavaScriptCore.framework in Frameworks */ = {isa = PBXBuildFile; fileRef = 4882A527296AAEAE005D672E /* JavaScriptCore.framework */; };
		48B087FE295FB787006A661F /* TextAnnotatorApp.swift in Sources */ = {isa = PBXBuildFile; fileRef = 48B087FD295FB787006A661F /* TextAnnotatorApp.swift */; };
		48B08800295FB787006A661F /* Persistence.swift in Sources */ = {isa = PBXBuildFile; fileRef = 48B087FF295FB787006A661F /* Persistence.swift */; };
		48B08803295FB787006A661F /* TextAnnotator.xcdatamodeld in Sources */ = {isa = PBXBuildFile; fileRef = 48B08801295FB787006A661F /* TextAnnotator.xcdatamodeld */; };
		48B08807295FB78A006A661F /* Assets.xcassets in Resources */ = {isa = PBXBuildFile; fileRef = 48B08806295FB78A006A661F /* Assets.xcassets */; };
		48B0880B295FB78A006A661F /* Preview Assets.xcassets in Resources */ = {isa = PBXBuildFile; fileRef = 48B0880A295FB78A006A661F /* Preview Assets.xcassets */; };
		48BC4ABD295FB8CE0099CF33 /* main.swift in Sources */ = {isa = PBXBuildFile; fileRef = 48BC4ABC295FB8CE0099CF33 /* main.swift */; };
		48BC4AC2295FB9210099CF33 /* LoadFiles.swift in Sources */ = {isa = PBXBuildFile; fileRef = 48BC4AC1295FB9210099CF33 /* LoadFiles.swift */; };
		48BC4AC32960A3F80099CF33 /* LoadFiles.swift in Sources */ = {isa = PBXBuildFile; fileRef = 48BC4AC1295FB9210099CF33 /* LoadFiles.swift */; };
		48BC4AC52960A8AE0099CF33 /* ParseFiles.swift in Sources */ = {isa = PBXBuildFile; fileRef = 48BC4AC42960A8AE0099CF33 /* ParseFiles.swift */; };
		48BC4AC62960A8CE0099CF33 /* ParseFiles.swift in Sources */ = {isa = PBXBuildFile; fileRef = 48BC4AC42960A8AE0099CF33 /* ParseFiles.swift */; };
		48BC4ACF2960AF780099CF33 /* UserPreferences.swift in Sources */ = {isa = PBXBuildFile; fileRef = 48BC4ACE2960AF780099CF33 /* UserPreferences.swift */; };
/* End PBXBuildFile section */

/* Begin PBXContainerItemProxy section */
		48B08811295FB78A006A661F /* PBXContainerItemProxy */ = {
			isa = PBXContainerItemProxy;
			containerPortal = 48B087F2295FB787006A661F /* Project object */;
			proxyType = 1;
			remoteGlobalIDString = 48B087F9295FB787006A661F;
			remoteInfo = TextAnnotator;
		};
		48B0881B295FB78A006A661F /* PBXContainerItemProxy */ = {
			isa = PBXContainerItemProxy;
			containerPortal = 48B087F2295FB787006A661F /* Project object */;
			proxyType = 1;
			remoteGlobalIDString = 48B087F9295FB787006A661F;
			remoteInfo = TextAnnotator;
		};
/* End PBXContainerItemProxy section */

/* Begin PBXCopyFilesBuildPhase section */
		48BC4AB8295FB8CE0099CF33 /* CopyFiles */ = {
			isa = PBXCopyFilesBuildPhase;
			buildActionMask = 2147483647;
			dstPath = /usr/share/man/man1/;
			dstSubfolderSpec = 0;
			files = (
			);
			runOnlyForDeploymentPostprocessing = 1;
		};
/* End PBXCopyFilesBuildPhase section */

/* Begin PBXFileReference section */
		481463AC296A6BA500713721 /* TokenWebView.swift */ = {isa = PBXFileReference; lastKnownFileType = sourcecode.swift; path = TokenWebView.swift; sourceTree = "<group>"; };
		481463BD296A715900713721 /* ContentView.swift */ = {isa = PBXFileReference; lastKnownFileType = sourcecode.swift; path = ContentView.swift; sourceTree = "<group>"; };
		481463CE296A7C0900713721 /* MacText.app */ = {isa = PBXFileReference; explicitFileType = wrapper.application; includeInIndex = 0; path = MacText.app; sourceTree = BUILT_PRODUCTS_DIR; };
		481463D0296A7C0900713721 /* MacTextApp.swift */ = {isa = PBXFileReference; lastKnownFileType = sourcecode.swift; path = MacTextApp.swift; sourceTree = "<group>"; };
		481463D4296A7C0A00713721 /* Assets.xcassets */ = {isa = PBXFileReference; lastKnownFileType = folder.assetcatalog; path = Assets.xcassets; sourceTree = "<group>"; };
		481463D7296A7C0A00713721 /* Preview Assets.xcassets */ = {isa = PBXFileReference; lastKnownFileType = folder.assetcatalog; path = "Preview Assets.xcassets"; sourceTree = "<group>"; };
		481463D9296A7C0A00713721 /* MacText.entitlements */ = {isa = PBXFileReference; lastKnownFileType = text.plist.entitlements; path = MacText.entitlements; sourceTree = "<group>"; };
		481463E9296A7CD200713721 /* index.html */ = {isa = PBXFileReference; lastKnownFileType = text.html; path = index.html; sourceTree = "<group>"; };
		4844EB4B2960CDE7002E3D0D /* WrappingHStack */ = {isa = PBXFileReference; lastKnownFileType = wrapper; name = WrappingHStack; path = ../Dependencies/WrappingHStack; sourceTree = "<group>"; };
		4844EC8029675CB7002E3D0D /* HighlightedTextEditor */ = {isa = PBXFileReference; lastKnownFileType = wrapper; name = HighlightedTextEditor; path = ../Dependencies/HighlightedTextEditor; sourceTree = "<group>"; };
		485361F72971C1C4005CB290 /* RegexWebHolder.swift */ = {isa = PBXFileReference; lastKnownFileType = sourcecode.swift; path = RegexWebHolder.swift; sourceTree = "<group>"; };
		485361FA2971CC95005CB290 /* ColorTranslator.swift */ = {isa = PBXFileReference; lastKnownFileType = sourcecode.swift; path = ColorTranslator.swift; sourceTree = "<group>"; };
		4856238D296BC8F000544280 /* ContentSplitView.swift */ = {isa = PBXFileReference; lastKnownFileType = sourcecode.swift; path = ContentSplitView.swift; sourceTree = "<group>"; };
		4856238F296BC90100544280 /* ContentSplitBar.swift */ = {isa = PBXFileReference; lastKnownFileType = sourcecode.swift; path = ContentSplitBar.swift; sourceTree = "<group>"; };
		48562391296BCA0D00544280 /* AnnotationSideBarView.swift */ = {isa = PBXFileReference; lastKnownFileType = sourcecode.swift; path = AnnotationSideBarView.swift; sourceTree = "<group>"; };
		48562396296BD2FD00544280 /* TokenRepresentableView.swift */ = {isa = PBXFileReference; lastKnownFileType = sourcecode.swift; path = TokenRepresentableView.swift; sourceTree = "<group>"; };
		4856239D296CF19F00544280 /* TextToken.swift */ = {isa = PBXFileReference; lastKnownFileType = sourcecode.swift; path = TextToken.swift; sourceTree = "<group>"; };
		485623A0296CFCEB00544280 /* TextTokenContainer.swift */ = {isa = PBXFileReference; lastKnownFileType = sourcecode.swift; path = TextTokenContainer.swift; sourceTree = "<group>"; };
		48793ED62975051B0085C70C /* NSRegularExpressionExtension.swift */ = {isa = PBXFileReference; lastKnownFileType = sourcecode.swift; path = NSRegularExpressionExtension.swift; sourceTree = "<group>"; };
		4882A521296A9D39005D672E /* LazyGlobalVars.swift */ = {isa = PBXFileReference; lastKnownFileType = sourcecode.swift; path = LazyGlobalVars.swift; sourceTree = "<group>"; };
		4882A527296AAEAE005D672E /* JavaScriptCore.framework */ = {isa = PBXFileReference; lastKnownFileType = wrapper.framework; name = JavaScriptCore.framework; path = System/Library/Frameworks/JavaScriptCore.framework; sourceTree = SDKROOT; };
		48B087FA295FB787006A661F /* TextAnnotator.app */ = {isa = PBXFileReference; explicitFileType = wrapper.application; includeInIndex = 0; path = TextAnnotator.app; sourceTree = BUILT_PRODUCTS_DIR; };
		48B087FD295FB787006A661F /* TextAnnotatorApp.swift */ = {isa = PBXFileReference; lastKnownFileType = sourcecode.swift; path = TextAnnotatorApp.swift; sourceTree = "<group>"; };
		48B087FF295FB787006A661F /* Persistence.swift */ = {isa = PBXFileReference; lastKnownFileType = sourcecode.swift; path = Persistence.swift; sourceTree = "<group>"; };
		48B08802295FB787006A661F /* TextAnnotator.xcdatamodel */ = {isa = PBXFileReference; lastKnownFileType = wrapper.xcdatamodel; path = TextAnnotator.xcdatamodel; sourceTree = "<group>"; };
		48B08806295FB78A006A661F /* Assets.xcassets */ = {isa = PBXFileReference; lastKnownFileType = folder.assetcatalog; path = Assets.xcassets; sourceTree = "<group>"; };
		48B08808295FB78A006A661F /* TextAnnotator.entitlements */ = {isa = PBXFileReference; lastKnownFileType = text.plist.entitlements; path = TextAnnotator.entitlements; sourceTree = "<group>"; };
		48B0880A295FB78A006A661F /* Preview Assets.xcassets */ = {isa = PBXFileReference; lastKnownFileType = folder.assetcatalog; path = "Preview Assets.xcassets"; sourceTree = "<group>"; };
		48B08810295FB78A006A661F /* TextAnnotatorTests.xctest */ = {isa = PBXFileReference; explicitFileType = wrapper.cfbundle; includeInIndex = 0; path = TextAnnotatorTests.xctest; sourceTree = BUILT_PRODUCTS_DIR; };
		48B0881A295FB78A006A661F /* TextAnnotatorUITests.xctest */ = {isa = PBXFileReference; explicitFileType = wrapper.cfbundle; includeInIndex = 0; path = TextAnnotatorUITests.xctest; sourceTree = BUILT_PRODUCTS_DIR; };
		48BC4ABA295FB8CE0099CF33 /* TextAnnotator_backend_test */ = {isa = PBXFileReference; explicitFileType = "compiled.mach-o.executable"; includeInIndex = 0; path = TextAnnotator_backend_test; sourceTree = BUILT_PRODUCTS_DIR; };
		48BC4ABC295FB8CE0099CF33 /* main.swift */ = {isa = PBXFileReference; lastKnownFileType = sourcecode.swift; path = main.swift; sourceTree = "<group>"; };
		48BC4AC1295FB9210099CF33 /* LoadFiles.swift */ = {isa = PBXFileReference; lastKnownFileType = sourcecode.swift; path = LoadFiles.swift; sourceTree = "<group>"; };
		48BC4AC42960A8AE0099CF33 /* ParseFiles.swift */ = {isa = PBXFileReference; lastKnownFileType = sourcecode.swift; path = ParseFiles.swift; sourceTree = "<group>"; };
		48BC4ACE2960AF780099CF33 /* UserPreferences.swift */ = {isa = PBXFileReference; lastKnownFileType = sourcecode.swift; path = UserPreferences.swift; sourceTree = "<group>"; };
/* End PBXFileReference section */

/* Begin PBXFrameworksBuildPhase section */
		481463CB296A7C0900713721 /* Frameworks */ = {
			isa = PBXFrameworksBuildPhase;
			buildActionMask = 2147483647;
			files = (
				4882A528296AAEAE005D672E /* JavaScriptCore.framework in Frameworks */,
			);
			runOnlyForDeploymentPostprocessing = 0;
		};
		48B087F7295FB787006A661F /* Frameworks */ = {
			isa = PBXFrameworksBuildPhase;
			buildActionMask = 2147483647;
			files = (
			);
			runOnlyForDeploymentPostprocessing = 0;
		};
		48B0880D295FB78A006A661F /* Frameworks */ = {
			isa = PBXFrameworksBuildPhase;
			buildActionMask = 2147483647;
			files = (
			);
			runOnlyForDeploymentPostprocessing = 0;
		};
		48B08817295FB78A006A661F /* Frameworks */ = {
			isa = PBXFrameworksBuildPhase;
			buildActionMask = 2147483647;
			files = (
			);
			runOnlyForDeploymentPostprocessing = 0;
		};
		48BC4AB7295FB8CE0099CF33 /* Frameworks */ = {
			isa = PBXFrameworksBuildPhase;
			buildActionMask = 2147483647;
			files = (
			);
			runOnlyForDeploymentPostprocessing = 0;
		};
/* End PBXFrameworksBuildPhase section */

/* Begin PBXGroup section */
		481463AB296A6B8600713721 /* Web */ = {
			isa = PBXGroup;
			children = (
				481463AC296A6BA500713721 /* TokenWebView.swift */,
				48562396296BD2FD00544280 /* TokenRepresentableView.swift */,
				4882A521296A9D39005D672E /* LazyGlobalVars.swift */,
			);
			path = Web;
			sourceTree = "<group>";
		};
		481463CF296A7C0900713721 /* MacText */ = {
			isa = PBXGroup;
			children = (
				481463D0296A7C0900713721 /* MacTextApp.swift */,
				481463D4296A7C0A00713721 /* Assets.xcassets */,
				481463D9296A7C0A00713721 /* MacText.entitlements */,
				481463D6296A7C0A00713721 /* Preview Content */,
			);
			path = MacText;
			sourceTree = "<group>";
		};
		481463D6296A7C0A00713721 /* Preview Content */ = {
			isa = PBXGroup;
			children = (
				4882A520296A8E5D005D672E /* Website */,
				481463D7296A7C0A00713721 /* Preview Assets.xcassets */,
			);
			path = "Preview Content";
			sourceTree = "<group>";
		};
		4844EB4A2960CDE7002E3D0D /* Packages */ = {
			isa = PBXGroup;
			children = (
				4844EB4B2960CDE7002E3D0D /* WrappingHStack */,
				4844EC8029675CB7002E3D0D /* HighlightedTextEditor */,
			);
			name = Packages;
			sourceTree = "<group>";
		};
		4844EB4C2960CF1A002E3D0D /* Frameworks */ = {
			isa = PBXGroup;
			children = (
				4882A527296AAEAE005D672E /* JavaScriptCore.framework */,
			);
			name = Frameworks;
			sourceTree = "<group>";
		};
		4844EB552961FD28002E3D0D /* Extensions */ = {
			isa = PBXGroup;
			children = (
				48793ED62975051B0085C70C /* NSRegularExpressionExtension.swift */,
			);
			path = Extensions;
			sourceTree = "<group>";
		};
		4849486A2973767000E76AE8 /* SplitBarView */ = {
			isa = PBXGroup;
			children = (
				4856238F296BC90100544280 /* ContentSplitBar.swift */,
				48562391296BCA0D00544280 /* AnnotationSideBarView.swift */,
			);
			path = SplitBarView;
			sourceTree = "<group>";
		};
		4856239A296CF06500544280 /* Models */ = {
			isa = PBXGroup;
			children = (
				4856239D296CF19F00544280 /* TextToken.swift */,
				485361FA2971CC95005CB290 /* ColorTranslator.swift */,
				485361F72971C1C4005CB290 /* RegexWebHolder.swift */,
				485623A0296CFCEB00544280 /* TextTokenContainer.swift */,
			);
			path = Models;
			sourceTree = "<group>";
		};
		4882A520296A8E5D005D672E /* Website */ = {
			isa = PBXGroup;
			children = (
				481463E9296A7CD200713721 /* index.html */,
			);
			path = Website;
			sourceTree = "<group>";
		};
		48B087F1295FB787006A661F = {
			isa = PBXGroup;
			children = (
				4844EB4A2960CDE7002E3D0D /* Packages */,
				48B087FC295FB787006A661F /* TextAnnotator */,
				48BC4ABB295FB8CE0099CF33 /* TextAnnotator_backend_test */,
				481463CF296A7C0900713721 /* MacText */,
				48B087FB295FB787006A661F /* Products */,
				4844EB4C2960CF1A002E3D0D /* Frameworks */,
			);
			sourceTree = "<group>";
		};
		48B087FB295FB787006A661F /* Products */ = {
			isa = PBXGroup;
			children = (
				48B087FA295FB787006A661F /* TextAnnotator.app */,
				48B08810295FB78A006A661F /* TextAnnotatorTests.xctest */,
				48B0881A295FB78A006A661F /* TextAnnotatorUITests.xctest */,
				48BC4ABA295FB8CE0099CF33 /* TextAnnotator_backend_test */,
				481463CE296A7C0900713721 /* MacText.app */,
			);
			name = Products;
			sourceTree = "<group>";
		};
		48B087FC295FB787006A661F /* TextAnnotator */ = {
			isa = PBXGroup;
			children = (
				481463AB296A6B8600713721 /* Web */,
				48BC4AB5295FB85D0099CF33 /* Backend */,
				48B087FD295FB787006A661F /* TextAnnotatorApp.swift */,
				48B087FF295FB787006A661F /* Persistence.swift */,
				48B08806295FB78A006A661F /* Assets.xcassets */,
				48B08808295FB78A006A661F /* TextAnnotator.entitlements */,
				48B08801295FB787006A661F /* TextAnnotator.xcdatamodeld */,
				481463BD296A715900713721 /* ContentView.swift */,
				4856238D296BC8F000544280 /* ContentSplitView.swift */,
				4849486A2973767000E76AE8 /* SplitBarView */,
				48B08809295FB78A006A661F /* Preview Content */,
			);
			path = TextAnnotator;
			sourceTree = "<group>";
		};
		48B08809295FB78A006A661F /* Preview Content */ = {
			isa = PBXGroup;
			children = (
				48B0880A295FB78A006A661F /* Preview Assets.xcassets */,
			);
			path = "Preview Content";
			sourceTree = "<group>";
		};
		48BC4AB5295FB85D0099CF33 /* Backend */ = {
			isa = PBXGroup;
			children = (
				4856239A296CF06500544280 /* Models */,
				4844EB552961FD28002E3D0D /* Extensions */,
				48BC4AC1295FB9210099CF33 /* LoadFiles.swift */,
				48BC4ACE2960AF780099CF33 /* UserPreferences.swift */,
				48BC4AC42960A8AE0099CF33 /* ParseFiles.swift */,
			);
			path = Backend;
			sourceTree = "<group>";
		};
		48BC4ABB295FB8CE0099CF33 /* TextAnnotator_backend_test */ = {
			isa = PBXGroup;
			children = (
				48BC4ABC295FB8CE0099CF33 /* main.swift */,
			);
			path = TextAnnotator_backend_test;
			sourceTree = "<group>";
		};
/* End PBXGroup section */

/* Begin PBXNativeTarget section */
		481463CD296A7C0900713721 /* MacText */ = {
			isa = PBXNativeTarget;
			buildConfigurationList = 481463DA296A7C0A00713721 /* Build configuration list for PBXNativeTarget "MacText" */;
			buildPhases = (
				481463CA296A7C0900713721 /* Sources */,
				481463CB296A7C0900713721 /* Frameworks */,
				481463CC296A7C0900713721 /* Resources */,
			);
			buildRules = (
			);
			dependencies = (
			);
			name = MacText;
			productName = MacText;
			productReference = 481463CE296A7C0900713721 /* MacText.app */;
			productType = "com.apple.product-type.application";
		};
		48B087F9295FB787006A661F /* TextAnnotator */ = {
			isa = PBXNativeTarget;
			buildConfigurationList = 48B08824295FB78A006A661F /* Build configuration list for PBXNativeTarget "TextAnnotator" */;
			buildPhases = (
				48B087F6295FB787006A661F /* Sources */,
				48B087F7295FB787006A661F /* Frameworks */,
				48B087F8295FB787006A661F /* Resources */,
			);
			buildRules = (
			);
			dependencies = (
			);
			name = TextAnnotator;
			productName = TextAnnotator;
			productReference = 48B087FA295FB787006A661F /* TextAnnotator.app */;
			productType = "com.apple.product-type.application";
		};
		48B0880F295FB78A006A661F /* TextAnnotatorTests */ = {
			isa = PBXNativeTarget;
			buildConfigurationList = 48B08827295FB78A006A661F /* Build configuration list for PBXNativeTarget "TextAnnotatorTests" */;
			buildPhases = (
				48B0880C295FB78A006A661F /* Sources */,
				48B0880D295FB78A006A661F /* Frameworks */,
				48B0880E295FB78A006A661F /* Resources */,
			);
			buildRules = (
			);
			dependencies = (
				48B08812295FB78A006A661F /* PBXTargetDependency */,
			);
			name = TextAnnotatorTests;
			productName = TextAnnotatorTests;
			productReference = 48B08810295FB78A006A661F /* TextAnnotatorTests.xctest */;
			productType = "com.apple.product-type.bundle.unit-test";
		};
		48B08819295FB78A006A661F /* TextAnnotatorUITests */ = {
			isa = PBXNativeTarget;
			buildConfigurationList = 48B0882A295FB78A006A661F /* Build configuration list for PBXNativeTarget "TextAnnotatorUITests" */;
			buildPhases = (
				48B08816295FB78A006A661F /* Sources */,
				48B08817295FB78A006A661F /* Frameworks */,
				48B08818295FB78A006A661F /* Resources */,
			);
			buildRules = (
			);
			dependencies = (
				48B0881C295FB78A006A661F /* PBXTargetDependency */,
			);
			name = TextAnnotatorUITests;
			productName = TextAnnotatorUITests;
			productReference = 48B0881A295FB78A006A661F /* TextAnnotatorUITests.xctest */;
			productType = "com.apple.product-type.bundle.ui-testing";
		};
		48BC4AB9295FB8CE0099CF33 /* TextAnnotator_backend_test */ = {
			isa = PBXNativeTarget;
			buildConfigurationList = 48BC4ABE295FB8CE0099CF33 /* Build configuration list for PBXNativeTarget "TextAnnotator_backend_test" */;
			buildPhases = (
				48BC4AB6295FB8CE0099CF33 /* Sources */,
				48BC4AB7295FB8CE0099CF33 /* Frameworks */,
				48BC4AB8295FB8CE0099CF33 /* CopyFiles */,
			);
			buildRules = (
			);
			dependencies = (
			);
			name = TextAnnotator_backend_test;
			productName = TextAnnotator_backend_test;
			productReference = 48BC4ABA295FB8CE0099CF33 /* TextAnnotator_backend_test */;
			productType = "com.apple.product-type.tool";
		};
/* End PBXNativeTarget section */

/* Begin PBXProject section */
		48B087F2295FB787006A661F /* Project object */ = {
			isa = PBXProject;
			attributes = {
				BuildIndependentTargetsInParallel = 1;
				LastSwiftUpdateCheck = 1420;
				LastUpgradeCheck = 1420;
				TargetAttributes = {
					481463CD296A7C0900713721 = {
						CreatedOnToolsVersion = 14.2;
					};
					48B087F9295FB787006A661F = {
						CreatedOnToolsVersion = 14.2;
					};
					48B0880F295FB78A006A661F = {
						CreatedOnToolsVersion = 14.2;
						TestTargetID = 48B087F9295FB787006A661F;
					};
					48B08819295FB78A006A661F = {
						CreatedOnToolsVersion = 14.2;
						TestTargetID = 48B087F9295FB787006A661F;
					};
					48BC4AB9295FB8CE0099CF33 = {
						CreatedOnToolsVersion = 14.2;
					};
				};
			};
			buildConfigurationList = 48B087F5295FB787006A661F /* Build configuration list for PBXProject "TextAnnotator" */;
			compatibilityVersion = "Xcode 14.0";
			developmentRegion = en;
			hasScannedForEncodings = 0;
			knownRegions = (
				en,
				Base,
			);
			mainGroup = 48B087F1295FB787006A661F;
			productRefGroup = 48B087FB295FB787006A661F /* Products */;
			projectDirPath = "";
			projectRoot = "";
			targets = (
				48B087F9295FB787006A661F /* TextAnnotator */,
				48B0880F295FB78A006A661F /* TextAnnotatorTests */,
				48B08819295FB78A006A661F /* TextAnnotatorUITests */,
				48BC4AB9295FB8CE0099CF33 /* TextAnnotator_backend_test */,
				481463CD296A7C0900713721 /* MacText */,
			);
		};
/* End PBXProject section */

/* Begin PBXResourcesBuildPhase section */
		481463CC296A7C0900713721 /* Resources */ = {
			isa = PBXResourcesBuildPhase;
			buildActionMask = 2147483647;
			files = (
				481463ED296A7CD200713721 /* index.html in Resources */,
				481463D8296A7C0A00713721 /* Preview Assets.xcassets in Resources */,
				481463D5296A7C0A00713721 /* Assets.xcassets in Resources */,
			);
			runOnlyForDeploymentPostprocessing = 0;
		};
		48B087F8295FB787006A661F /* Resources */ = {
			isa = PBXResourcesBuildPhase;
			buildActionMask = 2147483647;
			files = (
				481463EA296A7CD200713721 /* index.html in Resources */,
				48B0880B295FB78A006A661F /* Preview Assets.xcassets in Resources */,
				48B08807295FB78A006A661F /* Assets.xcassets in Resources */,
			);
			runOnlyForDeploymentPostprocessing = 0;
		};
		48B0880E295FB78A006A661F /* Resources */ = {
			isa = PBXResourcesBuildPhase;
			buildActionMask = 2147483647;
			files = (
				481463EB296A7CD200713721 /* index.html in Resources */,
			);
			runOnlyForDeploymentPostprocessing = 0;
		};
		48B08818295FB78A006A661F /* Resources */ = {
			isa = PBXResourcesBuildPhase;
			buildActionMask = 2147483647;
			files = (
				481463EC296A7CD200713721 /* index.html in Resources */,
			);
			runOnlyForDeploymentPostprocessing = 0;
		};
/* End PBXResourcesBuildPhase section */

/* Begin PBXSourcesBuildPhase section */
		481463CA296A7C0900713721 /* Sources */ = {
			isa = PBXSourcesBuildPhase;
			buildActionMask = 2147483647;
			files = (
				485361F92971C3CB005CB290 /* RegexWebHolder.swift in Sources */,
				4856239F296CF60200544280 /* TextToken.swift in Sources */,
				48562393296BCB3E00544280 /* ContentSplitView.swift in Sources */,
				48562394296BCB3E00544280 /* AnnotationSideBarView.swift in Sources */,
				48562395296BCB3E00544280 /* ContentSplitBar.swift in Sources */,
				481463DD296A7C5D00713721 /* TokenWebView.swift in Sources */,
				481463DE296A7C5D00713721 /* LoadFiles.swift in Sources */,
				481463DF296A7C5D00713721 /* UserPreferences.swift in Sources */,
				481463E0296A7C5D00713721 /* ParseFiles.swift in Sources */,
				485361FC2971CD93005CB290 /* ColorTranslator.swift in Sources */,
				481463E2296A7C5D00713721 /* Persistence.swift in Sources */,
				4882A526296A9D39005D672E /* LazyGlobalVars.swift in Sources */,
				485623A2296CFDF600544280 /* TextTokenContainer.swift in Sources */,
				481463E7296A7C5D00713721 /* ContentView.swift in Sources */,
				481463D1296A7C0900713721 /* MacTextApp.swift in Sources */,
				48562398296BD32A00544280 /* TokenRepresentableView.swift in Sources */,
			);
			runOnlyForDeploymentPostprocessing = 0;
		};
		48B087F6295FB787006A661F /* Sources */ = {
			isa = PBXSourcesBuildPhase;
			buildActionMask = 2147483647;
			files = (
				485361FB2971CC95005CB290 /* ColorTranslator.swift in Sources */,
				48B087FE295FB787006A661F /* TextAnnotatorApp.swift in Sources */,
				48BC4AC52960A8AE0099CF33 /* ParseFiles.swift in Sources */,
				48562392296BCA0D00544280 /* AnnotationSideBarView.swift in Sources */,
				48BC4ACF2960AF780099CF33 /* UserPreferences.swift in Sources */,
				48793ED72975051B0085C70C /* NSRegularExpressionExtension.swift in Sources */,
				4856239E296CF19F00544280 /* TextToken.swift in Sources */,
				4882A522296A9D39005D672E /* LazyGlobalVars.swift in Sources */,
				485361F82971C1C4005CB290 /* RegexWebHolder.swift in Sources */,
				48BC4AC2295FB9210099CF33 /* LoadFiles.swift in Sources */,
				4856238E296BC8F000544280 /* ContentSplitView.swift in Sources */,
				481463BE296A715900713721 /* ContentView.swift in Sources */,
				485623A1296CFCEB00544280 /* TextTokenContainer.swift in Sources */,
				48B08803295FB787006A661F /* TextAnnotator.xcdatamodeld in Sources */,
				48B08800295FB787006A661F /* Persistence.swift in Sources */,
				48562397296BD2FD00544280 /* TokenRepresentableView.swift in Sources */,
				481463AD296A6BA500713721 /* TokenWebView.swift in Sources */,
				48562390296BC90100544280 /* ContentSplitBar.swift in Sources */,
			);
			runOnlyForDeploymentPostprocessing = 0;
		};
		48B0880C295FB78A006A661F /* Sources */ = {
			isa = PBXSourcesBuildPhase;
			buildActionMask = 2147483647;
			files = (
				4882A523296A9D39005D672E /* LazyGlobalVars.swift in Sources */,
				481463BF296A715900713721 /* ContentView.swift in Sources */,
				481463AE296A6BA500713721 /* TokenWebView.swift in Sources */,
			);
			runOnlyForDeploymentPostprocessing = 0;
		};
		48B08816295FB78A006A661F /* Sources */ = {
			isa = PBXSourcesBuildPhase;
			buildActionMask = 2147483647;
			files = (
				4882A524296A9D39005D672E /* LazyGlobalVars.swift in Sources */,
				481463C0296A715900713721 /* ContentView.swift in Sources */,
				481463AF296A6BA500713721 /* TokenWebView.swift in Sources */,
			);
			runOnlyForDeploymentPostprocessing = 0;
		};
		48BC4AB6295FB8CE0099CF33 /* Sources */ = {
			isa = PBXSourcesBuildPhase;
			buildActionMask = 2147483647;
			files = (
				4844EB512960D6CF002E3D0D /* UserPreferences.swift in Sources */,
				48BC4AC62960A8CE0099CF33 /* ParseFiles.swift in Sources */,
				4882A525296A9D39005D672E /* LazyGlobalVars.swift in Sources */,
				48793EDB297514710085C70C /* TextTokenContainer.swift in Sources */,
				48BC4AC32960A3F80099CF33 /* LoadFiles.swift in Sources */,
				48793ED92975110D0085C70C /* TextToken.swift in Sources */,
				48BC4ABD295FB8CE0099CF33 /* main.swift in Sources */,
				48793EDA297511A40085C70C /* RegexWebHolder.swift in Sources */,
				48793ED82975065A0085C70C /* NSRegularExpressionExtension.swift in Sources */,
			);
			runOnlyForDeploymentPostprocessing = 0;
		};
/* End PBXSourcesBuildPhase section */

/* Begin PBXTargetDependency section */
		48B08812295FB78A006A661F /* PBXTargetDependency */ = {
			isa = PBXTargetDependency;
			target = 48B087F9295FB787006A661F /* TextAnnotator */;
			targetProxy = 48B08811295FB78A006A661F /* PBXContainerItemProxy */;
		};
		48B0881C295FB78A006A661F /* PBXTargetDependency */ = {
			isa = PBXTargetDependency;
			target = 48B087F9295FB787006A661F /* TextAnnotator */;
			targetProxy = 48B0881B295FB78A006A661F /* PBXContainerItemProxy */;
		};
/* End PBXTargetDependency section */

/* Begin XCBuildConfiguration section */
		481463DB296A7C0A00713721 /* Debug */ = {
			isa = XCBuildConfiguration;
			buildSettings = {
				ASSETCATALOG_COMPILER_APPICON_NAME = AppIcon;
				ASSETCATALOG_COMPILER_GLOBAL_ACCENT_COLOR_NAME = AccentColor;
				CODE_SIGN_ENTITLEMENTS = MacText/MacText.entitlements;
				CODE_SIGN_STYLE = Automatic;
				COMBINE_HIDPI_IMAGES = YES;
				CURRENT_PROJECT_VERSION = 1;
				DEVELOPMENT_ASSET_PATHS = "\"MacText/Preview Content\"";
				DEVELOPMENT_TEAM = 48WBG83D33;
				ENABLE_HARDENED_RUNTIME = YES;
				ENABLE_PREVIEWS = YES;
				GENERATE_INFOPLIST_FILE = YES;
				INFOPLIST_KEY_NSHumanReadableCopyright = "";
				LD_RUNPATH_SEARCH_PATHS = (
					"$(inherited)",
					"@executable_path/../Frameworks",
				);
				MACOSX_DEPLOYMENT_TARGET = 13.1;
				MARKETING_VERSION = 1.0;
				PRODUCT_BUNDLE_IDENTIFIER = MacText.MacText;
				PRODUCT_NAME = "$(TARGET_NAME)";
				SDKROOT = macosx;
				SWIFT_ACTIVE_COMPILATION_CONDITIONS = "DEBUG MAC_TEXT";
				SWIFT_EMIT_LOC_STRINGS = YES;
				SWIFT_VERSION = 5.0;
			};
			name = Debug;
		};
		481463DC296A7C0A00713721 /* Release */ = {
			isa = XCBuildConfiguration;
			buildSettings = {
				ASSETCATALOG_COMPILER_APPICON_NAME = AppIcon;
				ASSETCATALOG_COMPILER_GLOBAL_ACCENT_COLOR_NAME = AccentColor;
				CODE_SIGN_ENTITLEMENTS = MacText/MacText.entitlements;
				CODE_SIGN_STYLE = Automatic;
				COMBINE_HIDPI_IMAGES = YES;
				CURRENT_PROJECT_VERSION = 1;
				DEVELOPMENT_ASSET_PATHS = "\"MacText/Preview Content\"";
				DEVELOPMENT_TEAM = 48WBG83D33;
				ENABLE_HARDENED_RUNTIME = YES;
				ENABLE_PREVIEWS = YES;
				GENERATE_INFOPLIST_FILE = YES;
				INFOPLIST_KEY_NSHumanReadableCopyright = "";
				LD_RUNPATH_SEARCH_PATHS = (
					"$(inherited)",
					"@executable_path/../Frameworks",
				);
				MACOSX_DEPLOYMENT_TARGET = 13.1;
				MARKETING_VERSION = 1.0;
				PRODUCT_BUNDLE_IDENTIFIER = MacText.MacText;
				PRODUCT_NAME = "$(TARGET_NAME)";
				SDKROOT = macosx;
				SWIFT_EMIT_LOC_STRINGS = YES;
				SWIFT_VERSION = 5.0;
			};
			name = Release;
		};
		48B08822295FB78A006A661F /* Debug */ = {
			isa = XCBuildConfiguration;
			buildSettings = {
				ALWAYS_SEARCH_USER_PATHS = NO;
				CLANG_ANALYZER_NONNULL = YES;
				CLANG_ANALYZER_NUMBER_OBJECT_CONVERSION = YES_AGGRESSIVE;
				CLANG_CXX_LANGUAGE_STANDARD = "gnu++20";
				CLANG_ENABLE_MODULES = YES;
				CLANG_ENABLE_OBJC_ARC = YES;
				CLANG_ENABLE_OBJC_WEAK = YES;
				CLANG_WARN_BLOCK_CAPTURE_AUTORELEASING = YES;
				CLANG_WARN_BOOL_CONVERSION = YES;
				CLANG_WARN_COMMA = YES;
				CLANG_WARN_CONSTANT_CONVERSION = YES;
				CLANG_WARN_DEPRECATED_OBJC_IMPLEMENTATIONS = YES;
				CLANG_WARN_DIRECT_OBJC_ISA_USAGE = YES_ERROR;
				CLANG_WARN_DOCUMENTATION_COMMENTS = YES;
				CLANG_WARN_EMPTY_BODY = YES;
				CLANG_WARN_ENUM_CONVERSION = YES;
				CLANG_WARN_INFINITE_RECURSION = YES;
				CLANG_WARN_INT_CONVERSION = YES;
				CLANG_WARN_NON_LITERAL_NULL_CONVERSION = YES;
				CLANG_WARN_OBJC_IMPLICIT_RETAIN_SELF = YES;
				CLANG_WARN_OBJC_LITERAL_CONVERSION = YES;
				CLANG_WARN_OBJC_ROOT_CLASS = YES_ERROR;
				CLANG_WARN_QUOTED_INCLUDE_IN_FRAMEWORK_HEADER = YES;
				CLANG_WARN_RANGE_LOOP_ANALYSIS = YES;
				CLANG_WARN_STRICT_PROTOTYPES = YES;
				CLANG_WARN_SUSPICIOUS_MOVE = YES;
				CLANG_WARN_UNGUARDED_AVAILABILITY = YES_AGGRESSIVE;
				CLANG_WARN_UNREACHABLE_CODE = YES;
				CLANG_WARN__DUPLICATE_METHOD_MATCH = YES;
				COPY_PHASE_STRIP = NO;
				DEBUG_INFORMATION_FORMAT = dwarf;
				ENABLE_STRICT_OBJC_MSGSEND = YES;
				ENABLE_TESTABILITY = YES;
				GCC_C_LANGUAGE_STANDARD = gnu11;
				GCC_DYNAMIC_NO_PIC = NO;
				GCC_NO_COMMON_BLOCKS = YES;
				GCC_OPTIMIZATION_LEVEL = 0;
				GCC_PREPROCESSOR_DEFINITIONS = (
					"DEBUG=1",
					"$(inherited)",
				);
				GCC_WARN_64_TO_32_BIT_CONVERSION = YES;
				GCC_WARN_ABOUT_RETURN_TYPE = YES_ERROR;
				GCC_WARN_UNDECLARED_SELECTOR = YES;
				GCC_WARN_UNINITIALIZED_AUTOS = YES_AGGRESSIVE;
				GCC_WARN_UNUSED_FUNCTION = YES;
				GCC_WARN_UNUSED_VARIABLE = YES;
				MACOSX_DEPLOYMENT_TARGET = "$(RECOMMENDED_MACOSX_DEPLOYMENT_TARGET)";
				MTL_ENABLE_DEBUG_INFO = INCLUDE_SOURCE;
				MTL_FAST_MATH = YES;
				ONLY_ACTIVE_ARCH = YES;
				SWIFT_ACTIVE_COMPILATION_CONDITIONS = DEBUG;
				SWIFT_OPTIMIZATION_LEVEL = "-Onone";
			};
			name = Debug;
		};
		48B08823295FB78A006A661F /* Release */ = {
			isa = XCBuildConfiguration;
			buildSettings = {
				ALWAYS_SEARCH_USER_PATHS = NO;
				CLANG_ANALYZER_NONNULL = YES;
				CLANG_ANALYZER_NUMBER_OBJECT_CONVERSION = YES_AGGRESSIVE;
				CLANG_CXX_LANGUAGE_STANDARD = "gnu++20";
				CLANG_ENABLE_MODULES = YES;
				CLANG_ENABLE_OBJC_ARC = YES;
				CLANG_ENABLE_OBJC_WEAK = YES;
				CLANG_WARN_BLOCK_CAPTURE_AUTORELEASING = YES;
				CLANG_WARN_BOOL_CONVERSION = YES;
				CLANG_WARN_COMMA = YES;
				CLANG_WARN_CONSTANT_CONVERSION = YES;
				CLANG_WARN_DEPRECATED_OBJC_IMPLEMENTATIONS = YES;
				CLANG_WARN_DIRECT_OBJC_ISA_USAGE = YES_ERROR;
				CLANG_WARN_DOCUMENTATION_COMMENTS = YES;
				CLANG_WARN_EMPTY_BODY = YES;
				CLANG_WARN_ENUM_CONVERSION = YES;
				CLANG_WARN_INFINITE_RECURSION = YES;
				CLANG_WARN_INT_CONVERSION = YES;
				CLANG_WARN_NON_LITERAL_NULL_CONVERSION = YES;
				CLANG_WARN_OBJC_IMPLICIT_RETAIN_SELF = YES;
				CLANG_WARN_OBJC_LITERAL_CONVERSION = YES;
				CLANG_WARN_OBJC_ROOT_CLASS = YES_ERROR;
				CLANG_WARN_QUOTED_INCLUDE_IN_FRAMEWORK_HEADER = YES;
				CLANG_WARN_RANGE_LOOP_ANALYSIS = YES;
				CLANG_WARN_STRICT_PROTOTYPES = YES;
				CLANG_WARN_SUSPICIOUS_MOVE = YES;
				CLANG_WARN_UNGUARDED_AVAILABILITY = YES_AGGRESSIVE;
				CLANG_WARN_UNREACHABLE_CODE = YES;
				CLANG_WARN__DUPLICATE_METHOD_MATCH = YES;
				COPY_PHASE_STRIP = NO;
				DEBUG_INFORMATION_FORMAT = "dwarf-with-dsym";
				ENABLE_NS_ASSERTIONS = NO;
				ENABLE_STRICT_OBJC_MSGSEND = YES;
				GCC_C_LANGUAGE_STANDARD = gnu11;
				GCC_NO_COMMON_BLOCKS = YES;
				GCC_WARN_64_TO_32_BIT_CONVERSION = YES;
				GCC_WARN_ABOUT_RETURN_TYPE = YES_ERROR;
				GCC_WARN_UNDECLARED_SELECTOR = YES;
				GCC_WARN_UNINITIALIZED_AUTOS = YES_AGGRESSIVE;
				GCC_WARN_UNUSED_FUNCTION = YES;
				GCC_WARN_UNUSED_VARIABLE = YES;
				MACOSX_DEPLOYMENT_TARGET = "$(RECOMMENDED_MACOSX_DEPLOYMENT_TARGET)";
				MTL_ENABLE_DEBUG_INFO = NO;
				MTL_FAST_MATH = YES;
				SWIFT_COMPILATION_MODE = wholemodule;
				SWIFT_OPTIMIZATION_LEVEL = "-O";
			};
			name = Release;
		};
		48B08825295FB78A006A661F /* Debug */ = {
			isa = XCBuildConfiguration;
			buildSettings = {
				ASSETCATALOG_COMPILER_APPICON_NAME = AppIcon;
				ASSETCATALOG_COMPILER_GLOBAL_ACCENT_COLOR_NAME = AccentColor;
				CODE_SIGN_ENTITLEMENTS = TextAnnotator/TextAnnotator.entitlements;
				CODE_SIGN_STYLE = Automatic;
				CURRENT_PROJECT_VERSION = 1;
				DEVELOPMENT_ASSET_PATHS = "\"TextAnnotator/Preview Content\"";
				ENABLE_PREVIEWS = YES;
				GENERATE_INFOPLIST_FILE = YES;
				"INFOPLIST_KEY_UIApplicationSceneManifest_Generation[sdk=iphoneos*]" = YES;
				"INFOPLIST_KEY_UIApplicationSceneManifest_Generation[sdk=iphonesimulator*]" = YES;
				"INFOPLIST_KEY_UIApplicationSupportsIndirectInputEvents[sdk=iphoneos*]" = YES;
				"INFOPLIST_KEY_UIApplicationSupportsIndirectInputEvents[sdk=iphonesimulator*]" = YES;
				"INFOPLIST_KEY_UILaunchScreen_Generation[sdk=iphoneos*]" = YES;
				"INFOPLIST_KEY_UILaunchScreen_Generation[sdk=iphonesimulator*]" = YES;
				"INFOPLIST_KEY_UIStatusBarStyle[sdk=iphoneos*]" = UIStatusBarStyleDefault;
				"INFOPLIST_KEY_UIStatusBarStyle[sdk=iphonesimulator*]" = UIStatusBarStyleDefault;
				INFOPLIST_KEY_UISupportedInterfaceOrientations_iPad = "UIInterfaceOrientationPortrait UIInterfaceOrientationPortraitUpsideDown UIInterfaceOrientationLandscapeLeft UIInterfaceOrientationLandscapeRight";
				INFOPLIST_KEY_UISupportedInterfaceOrientations_iPhone = "UIInterfaceOrientationPortrait UIInterfaceOrientationLandscapeLeft UIInterfaceOrientationLandscapeRight";
				IPHONEOS_DEPLOYMENT_TARGET = 16.2;
				LD_RUNPATH_SEARCH_PATHS = "@executable_path/Frameworks";
				"LD_RUNPATH_SEARCH_PATHS[sdk=macosx*]" = "@executable_path/../Frameworks";
				MACOSX_DEPLOYMENT_TARGET = 13.1;
				MARKETING_VERSION = 1.0;
				PRODUCT_BUNDLE_IDENTIFIER = com.kecoding.TextAnnotator;
				PRODUCT_NAME = "$(TARGET_NAME)";
				SDKROOT = auto;
				SUPPORTED_PLATFORMS = "iphoneos iphonesimulator macosx";
				SWIFT_EMIT_LOC_STRINGS = YES;
				SWIFT_VERSION = 5.0;
				TARGETED_DEVICE_FAMILY = "1,2";
			};
			name = Debug;
		};
		48B08826295FB78A006A661F /* Release */ = {
			isa = XCBuildConfiguration;
			buildSettings = {
				ASSETCATALOG_COMPILER_APPICON_NAME = AppIcon;
				ASSETCATALOG_COMPILER_GLOBAL_ACCENT_COLOR_NAME = AccentColor;
				CODE_SIGN_ENTITLEMENTS = TextAnnotator/TextAnnotator.entitlements;
				CODE_SIGN_STYLE = Automatic;
				CURRENT_PROJECT_VERSION = 1;
				DEVELOPMENT_ASSET_PATHS = "\"TextAnnotator/Preview Content\"";
				ENABLE_PREVIEWS = YES;
				GENERATE_INFOPLIST_FILE = YES;
				"INFOPLIST_KEY_UIApplicationSceneManifest_Generation[sdk=iphoneos*]" = YES;
				"INFOPLIST_KEY_UIApplicationSceneManifest_Generation[sdk=iphonesimulator*]" = YES;
				"INFOPLIST_KEY_UIApplicationSupportsIndirectInputEvents[sdk=iphoneos*]" = YES;
				"INFOPLIST_KEY_UIApplicationSupportsIndirectInputEvents[sdk=iphonesimulator*]" = YES;
				"INFOPLIST_KEY_UILaunchScreen_Generation[sdk=iphoneos*]" = YES;
				"INFOPLIST_KEY_UILaunchScreen_Generation[sdk=iphonesimulator*]" = YES;
				"INFOPLIST_KEY_UIStatusBarStyle[sdk=iphoneos*]" = UIStatusBarStyleDefault;
				"INFOPLIST_KEY_UIStatusBarStyle[sdk=iphonesimulator*]" = UIStatusBarStyleDefault;
				INFOPLIST_KEY_UISupportedInterfaceOrientations_iPad = "UIInterfaceOrientationPortrait UIInterfaceOrientationPortraitUpsideDown UIInterfaceOrientationLandscapeLeft UIInterfaceOrientationLandscapeRight";
				INFOPLIST_KEY_UISupportedInterfaceOrientations_iPhone = "UIInterfaceOrientationPortrait UIInterfaceOrientationLandscapeLeft UIInterfaceOrientationLandscapeRight";
				IPHONEOS_DEPLOYMENT_TARGET = 16.2;
				LD_RUNPATH_SEARCH_PATHS = "@executable_path/Frameworks";
				"LD_RUNPATH_SEARCH_PATHS[sdk=macosx*]" = "@executable_path/../Frameworks";
				MACOSX_DEPLOYMENT_TARGET = 13.1;
				MARKETING_VERSION = 1.0;
				PRODUCT_BUNDLE_IDENTIFIER = com.kecoding.TextAnnotator;
				PRODUCT_NAME = "$(TARGET_NAME)";
				SDKROOT = auto;
				SUPPORTED_PLATFORMS = "iphoneos iphonesimulator macosx";
				SWIFT_EMIT_LOC_STRINGS = YES;
				SWIFT_VERSION = 5.0;
				TARGETED_DEVICE_FAMILY = "1,2";
			};
			name = Release;
		};
		48B08828295FB78A006A661F /* Debug */ = {
			isa = XCBuildConfiguration;
			buildSettings = {
				ALWAYS_EMBED_SWIFT_STANDARD_LIBRARIES = YES;
				BUNDLE_LOADER = "$(TEST_HOST)";
				CODE_SIGN_STYLE = Automatic;
				CURRENT_PROJECT_VERSION = 1;
				GENERATE_INFOPLIST_FILE = YES;
				IPHONEOS_DEPLOYMENT_TARGET = 16.2;
				MACOSX_DEPLOYMENT_TARGET = 13.1;
				MARKETING_VERSION = 1.0;
				PRODUCT_BUNDLE_IDENTIFIER = com.kecoding.TextAnnotatorTests;
				PRODUCT_NAME = "$(TARGET_NAME)";
				SDKROOT = auto;
				SUPPORTED_PLATFORMS = "iphoneos iphonesimulator macosx";
				SWIFT_EMIT_LOC_STRINGS = NO;
				SWIFT_VERSION = 5.0;
				TARGETED_DEVICE_FAMILY = "1,2";
				TEST_HOST = "$(BUILT_PRODUCTS_DIR)/TextAnnotator.app/$(BUNDLE_EXECUTABLE_FOLDER_PATH)/TextAnnotator";
			};
			name = Debug;
		};
		48B08829295FB78A006A661F /* Release */ = {
			isa = XCBuildConfiguration;
			buildSettings = {
				ALWAYS_EMBED_SWIFT_STANDARD_LIBRARIES = YES;
				BUNDLE_LOADER = "$(TEST_HOST)";
				CODE_SIGN_STYLE = Automatic;
				CURRENT_PROJECT_VERSION = 1;
				GENERATE_INFOPLIST_FILE = YES;
				IPHONEOS_DEPLOYMENT_TARGET = 16.2;
				MACOSX_DEPLOYMENT_TARGET = 13.1;
				MARKETING_VERSION = 1.0;
				PRODUCT_BUNDLE_IDENTIFIER = com.kecoding.TextAnnotatorTests;
				PRODUCT_NAME = "$(TARGET_NAME)";
				SDKROOT = auto;
				SUPPORTED_PLATFORMS = "iphoneos iphonesimulator macosx";
				SWIFT_EMIT_LOC_STRINGS = NO;
				SWIFT_VERSION = 5.0;
				TARGETED_DEVICE_FAMILY = "1,2";
				TEST_HOST = "$(BUILT_PRODUCTS_DIR)/TextAnnotator.app/$(BUNDLE_EXECUTABLE_FOLDER_PATH)/TextAnnotator";
			};
			name = Release;
		};
		48B0882B295FB78A006A661F /* Debug */ = {
			isa = XCBuildConfiguration;
			buildSettings = {
				ALWAYS_EMBED_SWIFT_STANDARD_LIBRARIES = YES;
				CODE_SIGN_STYLE = Automatic;
				CURRENT_PROJECT_VERSION = 1;
				GENERATE_INFOPLIST_FILE = YES;
				IPHONEOS_DEPLOYMENT_TARGET = 16.2;
				MACOSX_DEPLOYMENT_TARGET = 13.1;
				MARKETING_VERSION = 1.0;
				PRODUCT_BUNDLE_IDENTIFIER = com.kecoding.TextAnnotatorUITests;
				PRODUCT_NAME = "$(TARGET_NAME)";
				SDKROOT = auto;
				SUPPORTED_PLATFORMS = "iphoneos iphonesimulator macosx";
				SWIFT_EMIT_LOC_STRINGS = NO;
				SWIFT_VERSION = 5.0;
				TARGETED_DEVICE_FAMILY = "1,2";
				TEST_TARGET_NAME = TextAnnotator;
			};
			name = Debug;
		};
		48B0882C295FB78A006A661F /* Release */ = {
			isa = XCBuildConfiguration;
			buildSettings = {
				ALWAYS_EMBED_SWIFT_STANDARD_LIBRARIES = YES;
				CODE_SIGN_STYLE = Automatic;
				CURRENT_PROJECT_VERSION = 1;
				GENERATE_INFOPLIST_FILE = YES;
				IPHONEOS_DEPLOYMENT_TARGET = 16.2;
				MACOSX_DEPLOYMENT_TARGET = 13.1;
				MARKETING_VERSION = 1.0;
				PRODUCT_BUNDLE_IDENTIFIER = com.kecoding.TextAnnotatorUITests;
				PRODUCT_NAME = "$(TARGET_NAME)";
				SDKROOT = auto;
				SUPPORTED_PLATFORMS = "iphoneos iphonesimulator macosx";
				SWIFT_EMIT_LOC_STRINGS = NO;
				SWIFT_VERSION = 5.0;
				TARGETED_DEVICE_FAMILY = "1,2";
				TEST_TARGET_NAME = TextAnnotator;
			};
			name = Release;
		};
		48BC4ABF295FB8CE0099CF33 /* Debug */ = {
			isa = XCBuildConfiguration;
			buildSettings = {
				CODE_SIGN_STYLE = Automatic;
				DEVELOPMENT_TEAM = 48WBG83D33;
				ENABLE_HARDENED_RUNTIME = YES;
				MACOSX_DEPLOYMENT_TARGET = 13.1;
				PRODUCT_NAME = "$(TARGET_NAME)";
				SDKROOT = macosx;
				SWIFT_VERSION = 5.0;
			};
			name = Debug;
		};
		48BC4AC0295FB8CE0099CF33 /* Release */ = {
			isa = XCBuildConfiguration;
			buildSettings = {
				CODE_SIGN_STYLE = Automatic;
				DEVELOPMENT_TEAM = 48WBG83D33;
				ENABLE_HARDENED_RUNTIME = YES;
				MACOSX_DEPLOYMENT_TARGET = 13.1;
				PRODUCT_NAME = "$(TARGET_NAME)";
				SDKROOT = macosx;
				SWIFT_VERSION = 5.0;
			};
			name = Release;
		};
/* End XCBuildConfiguration section */

/* Begin XCConfigurationList section */
		481463DA296A7C0A00713721 /* Build configuration list for PBXNativeTarget "MacText" */ = {
			isa = XCConfigurationList;
			buildConfigurations = (
				481463DB296A7C0A00713721 /* Debug */,
				481463DC296A7C0A00713721 /* Release */,
			);
			defaultConfigurationIsVisible = 0;
			defaultConfigurationName = Release;
		};
		48B087F5295FB787006A661F /* Build configuration list for PBXProject "TextAnnotator" */ = {
			isa = XCConfigurationList;
			buildConfigurations = (
				48B08822295FB78A006A661F /* Debug */,
				48B08823295FB78A006A661F /* Release */,
			);
			defaultConfigurationIsVisible = 0;
			defaultConfigurationName = Release;
		};
		48B08824295FB78A006A661F /* Build configuration list for PBXNativeTarget "TextAnnotator" */ = {
			isa = XCConfigurationList;
			buildConfigurations = (
				48B08825295FB78A006A661F /* Debug */,
				48B08826295FB78A006A661F /* Release */,
			);
			defaultConfigurationIsVisible = 0;
			defaultConfigurationName = Release;
		};
		48B08827295FB78A006A661F /* Build configuration list for PBXNativeTarget "TextAnnotatorTests" */ = {
			isa = XCConfigurationList;
			buildConfigurations = (
				48B08828295FB78A006A661F /* Debug */,
				48B08829295FB78A006A661F /* Release */,
			);
			defaultConfigurationIsVisible = 0;
			defaultConfigurationName = Release;
		};
		48B0882A295FB78A006A661F /* Build configuration list for PBXNativeTarget "TextAnnotatorUITests" */ = {
			isa = XCConfigurationList;
			buildConfigurations = (
				48B0882B295FB78A006A661F /* Debug */,
				48B0882C295FB78A006A661F /* Release */,
			);
			defaultConfigurationIsVisible = 0;
			defaultConfigurationName = Release;
		};
		48BC4ABE295FB8CE0099CF33 /* Build configuration list for PBXNativeTarget "TextAnnotator_backend_test" */ = {
			isa = XCConfigurationList;
			buildConfigurations = (
				48BC4ABF295FB8CE0099CF33 /* Debug */,
				48BC4AC0295FB8CE0099CF33 /* Release */,
			);
			defaultConfigurationIsVisible = 0;
			defaultConfigurationName = Release;
		};
/* End XCConfigurationList section */

/* Begin XCVersionGroup section */
		48B08801295FB787006A661F /* TextAnnotator.xcdatamodeld */ = {
			isa = XCVersionGroup;
			children = (
				48B08802295FB787006A661F /* TextAnnotator.xcdatamodel */,
			);
			currentVersion = 48B08802295FB787006A661F /* TextAnnotator.xcdatamodel */;
			path = TextAnnotator.xcdatamodeld;
			sourceTree = "<group>";
			versionGroupType = wrapper.xcdatamodel;
		};
/* End XCVersionGroup section */
	};
	rootObject = 48B087F2295FB787006A661F /* Project object */;
}
